
Microsoft Visual Studio Solution File, Format Version 12.00
# Visual Studio Version 17
VisualStudioVersion = 17.10.34928.147
MinimumVisualStudioVersion = 10.0.40219.1
Project("{2150E333-8FDC-42A3-9474-1A3956D46DE8}") = "Homework", "Homework", "{55056485-1087-495D-94E6-8A503C74F642}"
EndProject
Project("{2150E333-8FDC-42A3-9474-1A3956D46DE8}") = "4_09_2024", "4_09_2024", "{7BC66B81-118C-4546-B927-AB389608361C}"
EndProject
Project("{8BC9CEB8-8B4A-11D0-8D11-00A0C91BC942}") = "Task_1", "Homework\4_09_2024\Task_1\Task_1.vcxproj", "{F8824FBC-5148-4FEE-BF3F-0BB274549CD6}"
EndProject
Project("{8BC9CEB8-8B4A-11D0-8D11-00A0C91BC942}") = "ConsoleApplication1", "ConsoleApplication1\ConsoleApplication1.vcxproj", "{06A0830F-9438-46AC-A5B4-6DA199608632}"
EndProject
Project("{2150E333-8FDC-42A3-9474-1A3956D46DE8}") = "Classwork", "Classwork", "{99A7CF38-E7E7-452C-8DBA-E6D2587A5B0E}"
EndProject
Project("{8BC9CEB8-8B4A-11D0-8D11-00A0C91BC942}") = "28_10_2024", "Classwork\28_10_2024\28_10_2024.vcxproj", "{C83CDA87-2AD1-4DD3-98AF-2B06EECF320C}"
EndProject
Project("{8BC9CEB8-8B4A-11D0-8D11-00A0C91BC942}") = "28_10_2024_1", "Classwork\28_10_2024_1\28_10_2024_1.vcxproj", "{52B43E0B-2833-42FC-8451-2356116FDDF2}"
EndProject
Project("{8BC9CEB8-8B4A-11D0-8D11-00A0C91BC942}") = "04_11_2024", "Classwork\04_11_2024\04_11_2024.vcxproj", "{2DB221B0-FAF4-4C04-9560-1EF3725FE0A1}"
EndProject
Project("{8BC9CEB8-8B4A-11D0-8D11-00A0C91BC942}") = "04_11_2024_1", "Classwork\04_11_2024_1\04_11_2024_1.vcxproj", "{776299BE-F947-4F9A-86C9-45AC1CE189E3}"
EndProject
Project("{8BC9CEB8-8B4A-11D0-8D11-00A0C91BC942}") = "04_11_2024_2", "Classwork\04_11_2024_2\04_11_2024_2.vcxproj", "{7ED6B569-11E3-4C91-B9C5-1CD998EEF020}"
EndProject
Project("{8BC9CEB8-8B4A-11D0-8D11-00A0C91BC942}") = "04_11_2024_3", "Classwork\04_11_2024_3\04_11_2024_3.vcxproj", "{8A24ACAA-77F5-45E8-9304-D697EB20BF1C}"
EndProject
Global
	GlobalSection(SolutionConfigurationPlatforms) = preSolution
		Debug|x64 = Debug|x64
		Debug|x86 = Debug|x86
		Release|x64 = Release|x64
		Release|x86 = Release|x86
	EndGlobalSection
	GlobalSection(ProjectConfigurationPlatforms) = postSolution
		{F8824FBC-5148-4FEE-BF3F-0BB274549CD6}.Debug|x64.ActiveCfg = Debug|x64
		{F8824FBC-5148-4FEE-BF3F-0BB274549CD6}.Debug|x64.Build.0 = Debug|x64
		{F8824FBC-5148-4FEE-BF3F-0BB274549CD6}.Debug|x86.ActiveCfg = Debug|Win32
		{F8824FBC-5148-4FEE-BF3F-0BB274549CD6}.Debug|x86.Build.0 = Debug|Win32
		{F8824FBC-5148-4FEE-BF3F-0BB274549CD6}.Release|x64.ActiveCfg = Release|x64
		{F8824FBC-5148-4FEE-BF3F-0BB274549CD6}.Release|x64.Build.0 = Release|x64
		{F8824FBC-5148-4FEE-BF3F-0BB274549CD6}.Release|x86.ActiveCfg = Release|Win32
		{F8824FBC-5148-4FEE-BF3F-0BB274549CD6}.Release|x86.Build.0 = Release|Win32
		{06A0830F-9438-46AC-A5B4-6DA199608632}.Debug|x64.ActiveCfg = Debug|x64
		{06A0830F-9438-46AC-A5B4-6DA199608632}.Debug|x64.Build.0 = Debug|x64
		{06A0830F-9438-46AC-A5B4-6DA199608632}.Debug|x86.ActiveCfg = Debug|Win32
		{06A0830F-9438-46AC-A5B4-6DA199608632}.Debug|x86.Build.0 = Debug|Win32
		{06A0830F-9438-46AC-A5B4-6DA199608632}.Release|x64.ActiveCfg = Release|x64
		{06A0830F-9438-46AC-A5B4-6DA199608632}.Release|x64.Build.0 = Release|x64
		{06A0830F-9438-46AC-A5B4-6DA199608632}.Release|x86.ActiveCfg = Release|Win32
		{06A0830F-9438-46AC-A5B4-6DA199608632}.Release|x86.Build.0 = Release|Win32
		{C83CDA87-2AD1-4DD3-98AF-2B06EECF320C}.Debug|x64.ActiveCfg = Debug|x64
		{C83CDA87-2AD1-4DD3-98AF-2B06EECF320C}.Debug|x64.Build.0 = Debug|x64
		{C83CDA87-2AD1-4DD3-98AF-2B06EECF320C}.Debug|x86.ActiveCfg = Debug|Win32
		{C83CDA87-2AD1-4DD3-98AF-2B06EECF320C}.Debug|x86.Build.0 = Debug|Win32
		{C83CDA87-2AD1-4DD3-98AF-2B06EECF320C}.Release|x64.ActiveCfg = Release|x64
		{C83CDA87-2AD1-4DD3-98AF-2B06EECF320C}.Release|x64.Build.0 = Release|x64
		{C83CDA87-2AD1-4DD3-98AF-2B06EECF320C}.Release|x86.ActiveCfg = Release|Win32
		{C83CDA87-2AD1-4DD3-98AF-2B06EECF320C}.Release|x86.Build.0 = Release|Win32
		{52B43E0B-2833-42FC-8451-2356116FDDF2}.Debug|x64.ActiveCfg = Debug|x64
		{52B43E0B-2833-42FC-8451-2356116FDDF2}.Debug|x64.Build.0 = Debug|x64
		{52B43E0B-2833-42FC-8451-2356116FDDF2}.Debug|x86.ActiveCfg = Debug|Win32
		{52B43E0B-2833-42FC-8451-2356116FDDF2}.Debug|x86.Build.0 = Debug|Win32
		{52B43E0B-2833-42FC-8451-2356116FDDF2}.Release|x64.ActiveCfg = Release|x64
		{52B43E0B-2833-42FC-8451-2356116FDDF2}.Release|x64.Build.0 = Release|x64
		{52B43E0B-2833-42FC-8451-2356116FDDF2}.Release|x86.ActiveCfg = Release|Win32
		{52B43E0B-2833-42FC-8451-2356116FDDF2}.Release|x86.Build.0 = Release|Win32
		{2DB221B0-FAF4-4C04-9560-1EF3725FE0A1}.Debug|x64.ActiveCfg = Debug|x64
		{2DB221B0-FAF4-4C04-9560-1EF3725FE0A1}.Debug|x64.Build.0 = Debug|x64
		{2DB221B0-FAF4-4C04-9560-1EF3725FE0A1}.Debug|x86.ActiveCfg = Debug|Win32
		{2DB221B0-FAF4-4C04-9560-1EF3725FE0A1}.Debug|x86.Build.0 = Debug|Win32
		{2DB221B0-FAF4-4C04-9560-1EF3725FE0A1}.Release|x64.ActiveCfg = Release|x64
		{2DB221B0-FAF4-4C04-9560-1EF3725FE0A1}.Release|x64.Build.0 = Release|x64
		{2DB221B0-FAF4-4C04-9560-1EF3725FE0A1}.Release|x86.ActiveCfg = Release|Win32
		{2DB221B0-FAF4-4C04-9560-1EF3725FE0A1}.Release|x86.Build.0 = Release|Win32
		{776299BE-F947-4F9A-86C9-45AC1CE189E3}.Debug|x64.ActiveCfg = Debug|x64
		{776299BE-F947-4F9A-86C9-45AC1CE189E3}.Debug|x64.Build.0 = Debug|x64
		{776299BE-F947-4F9A-86C9-45AC1CE189E3}.Debug|x86.ActiveCfg = Debug|Win32
		{776299BE-F947-4F9A-86C9-45AC1CE189E3}.Debug|x86.Build.0 = Debug|Win32
		{776299BE-F947-4F9A-86C9-45AC1CE189E3}.Release|x64.ActiveCfg = Release|x64
		{776299BE-F947-4F9A-86C9-45AC1CE189E3}.Release|x64.Build.0 = Release|x64
		{776299BE-F947-4F9A-86C9-45AC1CE189E3}.Release|x86.ActiveCfg = Release|Win32
		{776299BE-F947-4F9A-86C9-45AC1CE189E3}.Release|x86.Build.0 = Release|Win32
		{7ED6B569-11E3-4C91-B9C5-1CD998EEF020}.Debug|x64.ActiveCfg = Debug|x64
		{7ED6B569-11E3-4C91-B9C5-1CD998EEF020}.Debug|x64.Build.0 = Debug|x64
		{7ED6B569-11E3-4C91-B9C5-1CD998EEF020}.Debug|x86.ActiveCfg = Debug|Win32
		{7ED6B569-11E3-4C91-B9C5-1CD998EEF020}.Debug|x86.Build.0 = Debug|Win32
		{7ED6B569-11E3-4C91-B9C5-1CD998EEF020}.Release|x64.ActiveCfg = Release|x64
		{7ED6B569-11E3-4C91-B9C5-1CD998EEF020}.Release|x64.Build.0 = Release|x64
		{7ED6B569-11E3-4C91-B9C5-1CD998EEF020}.Release|x86.ActiveCfg = Release|Win32
		{7ED6B569-11E3-4C91-B9C5-1CD998EEF020}.Release|x86.Build.0 = Release|Win32
		{8A24ACAA-77F5-45E8-9304-D697EB20BF1C}.Debug|x64.ActiveCfg = Debug|x64
		{8A24ACAA-77F5-45E8-9304-D697EB20BF1C}.Debug|x64.Build.0 = Debug|x64
		{8A24ACAA-77F5-45E8-9304-D697EB20BF1C}.Debug|x86.ActiveCfg = Debug|Win32
		{8A24ACAA-77F5-45E8-9304-D697EB20BF1C}.Debug|x86.Build.0 = Debug|Win32
		{8A24ACAA-77F5-45E8-9304-D697EB20BF1C}.Release|x64.ActiveCfg = Release|x64
		{8A24ACAA-77F5-45E8-9304-D697EB20BF1C}.Release|x64.Build.0 = Release|x64
		{8A24ACAA-77F5-45E8-9304-D697EB20BF1C}.Release|x86.ActiveCfg = Release|Win32
		{8A24ACAA-77F5-45E8-9304-D697EB20BF1C}.Release|x86.Build.0 = Release|Win32
	EndGlobalSection
	GlobalSection(SolutionProperties) = preSolution
		HideSolutionNode = FALSE
	EndGlobalSection
	GlobalSection(NestedProjects) = preSolution
		{7BC66B81-118C-4546-B927-AB389608361C} = {55056485-1087-495D-94E6-8A503C74F642}
		{F8824FBC-5148-4FEE-BF3F-0BB274549CD6} = {7BC66B81-118C-4546-B927-AB389608361C}
		{C83CDA87-2AD1-4DD3-98AF-2B06EECF320C} = {99A7CF38-E7E7-452C-8DBA-E6D2587A5B0E}
		{52B43E0B-2833-42FC-8451-2356116FDDF2} = {99A7CF38-E7E7-452C-8DBA-E6D2587A5B0E}
		{2DB221B0-FAF4-4C04-9560-1EF3725FE0A1} = {99A7CF38-E7E7-452C-8DBA-E6D2587A5B0E}
		{776299BE-F947-4F9A-86C9-45AC1CE189E3} = {99A7CF38-E7E7-452C-8DBA-E6D2587A5B0E}
		{7ED6B569-11E3-4C91-B9C5-1CD998EEF020} = {99A7CF38-E7E7-452C-8DBA-E6D2587A5B0E}
		{8A24ACAA-77F5-45E8-9304-D697EB20BF1C} = {99A7CF38-E7E7-452C-8DBA-E6D2587A5B0E}
	EndGlobalSection
	GlobalSection(ExtensibilityGlobals) = postSolution
		SolutionGuid = {E612CCEF-8FCE-432F-A81A-AB88173CFA5B}
	EndGlobalSection
EndGlobal
